// !$*UTF8*$!
{
	archiveVersion = 1;
	classes = {
	};
	objectVersion = 50;
	objects = {

/* Begin PBXBuildFile section */
		430C404E238A996300B0DD47 /* UseCaseProvaider.swift in Sources */ = {isa = PBXBuildFile; fileRef = 430C404D238A996300B0DD47 /* UseCaseProvaider.swift */; };
		430C4050238A9B8000B0DD47 /* Account.swift in Sources */ = {isa = PBXBuildFile; fileRef = 430C404F238A9B8000B0DD47 /* Account.swift */; };
		430E1123238BCFBB009AE191 /* InitViewController.swift in Sources */ = {isa = PBXBuildFile; fileRef = 430E1122238BCFBB009AE191 /* InitViewController.swift */; };
		430FB4C62389F2CE00445572 /* BaseViewController.swift in Sources */ = {isa = PBXBuildFile; fileRef = 430FB4C52389F2CE00445572 /* BaseViewController.swift */; };
		436BF5B0245213E100DA105D /* InitScenePresenterTest.swift in Sources */ = {isa = PBXBuildFile; fileRef = 436BF5AF245213E100DA105D /* InitScenePresenterTest.swift */; };
		439FF9B0238897EA00C6C8FF /* AppDelegate.swift in Sources */ = {isa = PBXBuildFile; fileRef = 439FF9AF238897EA00C6C8FF /* AppDelegate.swift */; };
		439FF9B5238897EA00C6C8FF /* Main.storyboard in Resources */ = {isa = PBXBuildFile; fileRef = 439FF9B3238897EA00C6C8FF /* Main.storyboard */; };
		439FF9B7238897EA00C6C8FF /* Assets.xcassets in Resources */ = {isa = PBXBuildFile; fileRef = 439FF9B6238897EA00C6C8FF /* Assets.xcassets */; };
		439FF9C52388992600C6C8FF /* AccountResponseDO.swift in Sources */ = {isa = PBXBuildFile; fileRef = 439FF9C42388992600C6C8FF /* AccountResponseDO.swift */; };
		439FF9C7238899A800C6C8FF /* AccountDO.swift in Sources */ = {isa = PBXBuildFile; fileRef = 439FF9C6238899A800C6C8FF /* AccountDO.swift */; };
		439FF9CA23889A2300C6C8FF /* Accounts.json in Resources */ = {isa = PBXBuildFile; fileRef = 439FF9C923889A2300C6C8FF /* Accounts.json */; };
		439FF9CC23889A7E00C6C8FF /* AccountRepository.swift in Sources */ = {isa = PBXBuildFile; fileRef = 439FF9CB23889A7E00C6C8FF /* AccountRepository.swift */; };
		439FF9CE23889BEC00C6C8FF /* AccountRepositoryImplement.swift in Sources */ = {isa = PBXBuildFile; fileRef = 439FF9CD23889BEC00C6C8FF /* AccountRepositoryImplement.swift */; };
		439FF9D12388A15B00C6C8FF /* GetAccountUseCaseImplement.swift in Sources */ = {isa = PBXBuildFile; fileRef = 439FF9D02388A15B00C6C8FF /* GetAccountUseCaseImplement.swift */; };
		439FF9D32388A66400C6C8FF /* GetAccountUseCase.swift in Sources */ = {isa = PBXBuildFile; fileRef = 439FF9D22388A66400C6C8FF /* GetAccountUseCase.swift */; };
		439FF9D72388A92B00C6C8FF /* FeatureProvaider.swift in Sources */ = {isa = PBXBuildFile; fileRef = 439FF9D62388A92B00C6C8FF /* FeatureProvaider.swift */; };
		439FF9DA2388B67900C6C8FF /* InitPresenter.swift in Sources */ = {isa = PBXBuildFile; fileRef = 439FF9D92388B67900C6C8FF /* InitPresenter.swift */; };
		439FF9DC2388B68F00C6C8FF /* InitNavigator.swift in Sources */ = {isa = PBXBuildFile; fileRef = 439FF9DB2388B68F00C6C8FF /* InitNavigator.swift */; };
		43C2519324521A5C00CBF8E1 /* InitSceneStub.swift in Sources */ = {isa = PBXBuildFile; fileRef = 43C2519224521A5C00CBF8E1 /* InitSceneStub.swift */; };
/* End PBXBuildFile section */

/* Begin PBXContainerItemProxy section */
		436BF5A92452135000DA105D /* PBXContainerItemProxy */ = {
			isa = PBXContainerItemProxy;
			containerPortal = 439FF9A4238897E900C6C8FF /* Project object */;
			proxyType = 1;
			remoteGlobalIDString = 439FF9AB238897EA00C6C8FF;
			remoteInfo = UnitTestViper;
		};
/* End PBXContainerItemProxy section */

/* Begin PBXFileReference section */
		430C404D238A996300B0DD47 /* UseCaseProvaider.swift */ = {isa = PBXFileReference; lastKnownFileType = sourcecode.swift; path = UseCaseProvaider.swift; sourceTree = "<group>"; };
		430C404F238A9B8000B0DD47 /* Account.swift */ = {isa = PBXFileReference; lastKnownFileType = sourcecode.swift; path = Account.swift; sourceTree = "<group>"; };
		430E1122238BCFBB009AE191 /* InitViewController.swift */ = {isa = PBXFileReference; lastKnownFileType = sourcecode.swift; path = InitViewController.swift; sourceTree = "<group>"; };
		430FB4C52389F2CE00445572 /* BaseViewController.swift */ = {isa = PBXFileReference; lastKnownFileType = sourcecode.swift; path = BaseViewController.swift; sourceTree = "<group>"; };
		436BF5A42452135000DA105D /* Test.xctest */ = {isa = PBXFileReference; explicitFileType = wrapper.cfbundle; includeInIndex = 0; path = Test.xctest; sourceTree = BUILT_PRODUCTS_DIR; };
		436BF5A82452135000DA105D /* Info.plist */ = {isa = PBXFileReference; lastKnownFileType = text.plist.xml; path = Info.plist; sourceTree = "<group>"; };
		436BF5AF245213E100DA105D /* InitScenePresenterTest.swift */ = {isa = PBXFileReference; lastKnownFileType = sourcecode.swift; path = InitScenePresenterTest.swift; sourceTree = "<group>"; };
		439FF9AC238897EA00C6C8FF /* UnitTestViper.app */ = {isa = PBXFileReference; explicitFileType = wrapper.application; includeInIndex = 0; path = UnitTestViper.app; sourceTree = BUILT_PRODUCTS_DIR; };
		439FF9AF238897EA00C6C8FF /* AppDelegate.swift */ = {isa = PBXFileReference; lastKnownFileType = sourcecode.swift; path = AppDelegate.swift; sourceTree = "<group>"; };
		439FF9B4238897EA00C6C8FF /* Base */ = {isa = PBXFileReference; lastKnownFileType = file.storyboard; name = Base; path = Base.lproj/Main.storyboard; sourceTree = "<group>"; };
		439FF9B6238897EA00C6C8FF /* Assets.xcassets */ = {isa = PBXFileReference; lastKnownFileType = folder.assetcatalog; path = Assets.xcassets; sourceTree = "<group>"; };
		439FF9BB238897EB00C6C8FF /* Info.plist */ = {isa = PBXFileReference; lastKnownFileType = text.plist.xml; path = Info.plist; sourceTree = "<group>"; };
		439FF9C42388992600C6C8FF /* AccountResponseDO.swift */ = {isa = PBXFileReference; lastKnownFileType = sourcecode.swift; path = AccountResponseDO.swift; sourceTree = "<group>"; };
		439FF9C6238899A800C6C8FF /* AccountDO.swift */ = {isa = PBXFileReference; lastKnownFileType = sourcecode.swift; path = AccountDO.swift; sourceTree = "<group>"; };
		439FF9C923889A2300C6C8FF /* Accounts.json */ = {isa = PBXFileReference; explicitFileType = text.json; path = Accounts.json; sourceTree = "<group>"; };
		439FF9CB23889A7E00C6C8FF /* AccountRepository.swift */ = {isa = PBXFileReference; lastKnownFileType = sourcecode.swift; path = AccountRepository.swift; sourceTree = "<group>"; };
		439FF9CD23889BEC00C6C8FF /* AccountRepositoryImplement.swift */ = {isa = PBXFileReference; lastKnownFileType = sourcecode.swift; path = AccountRepositoryImplement.swift; sourceTree = "<group>"; };
		439FF9D02388A15B00C6C8FF /* GetAccountUseCaseImplement.swift */ = {isa = PBXFileReference; lastKnownFileType = sourcecode.swift; path = GetAccountUseCaseImplement.swift; sourceTree = "<group>"; };
		439FF9D22388A66400C6C8FF /* GetAccountUseCase.swift */ = {isa = PBXFileReference; lastKnownFileType = sourcecode.swift; path = GetAccountUseCase.swift; sourceTree = "<group>"; };
		439FF9D62388A92B00C6C8FF /* FeatureProvaider.swift */ = {isa = PBXFileReference; lastKnownFileType = sourcecode.swift; path = FeatureProvaider.swift; sourceTree = "<group>"; };
		439FF9D92388B67900C6C8FF /* InitPresenter.swift */ = {isa = PBXFileReference; lastKnownFileType = sourcecode.swift; path = InitPresenter.swift; sourceTree = "<group>"; };
		439FF9DB2388B68F00C6C8FF /* InitNavigator.swift */ = {isa = PBXFileReference; lastKnownFileType = sourcecode.swift; path = InitNavigator.swift; sourceTree = "<group>"; };
		43C2519224521A5C00CBF8E1 /* InitSceneStub.swift */ = {isa = PBXFileReference; lastKnownFileType = sourcecode.swift; path = InitSceneStub.swift; sourceTree = "<group>"; };
/* End PBXFileReference section */

/* Begin PBXFrameworksBuildPhase section */
		436BF5A12452135000DA105D /* Frameworks */ = {
			isa = PBXFrameworksBuildPhase;
			buildActionMask = 2147483647;
			files = (
			);
			runOnlyForDeploymentPostprocessing = 0;
		};
		439FF9A9238897EA00C6C8FF /* Frameworks */ = {
			isa = PBXFrameworksBuildPhase;
			buildActionMask = 2147483647;
			files = (
			);
			runOnlyForDeploymentPostprocessing = 0;
		};
/* End PBXFrameworksBuildPhase section */

/* Begin PBXGroup section */
		430C4051238A9B8600B0DD47 /* Model */ = {
			isa = PBXGroup;
			children = (
				430C404F238A9B8000B0DD47 /* Account.swift */,
			);
			path = Model;
			sourceTree = "<group>";
		};
		430FB4C42389F29300445572 /* InitScene */ = {
			isa = PBXGroup;
			children = (
				439FF9D92388B67900C6C8FF /* InitPresenter.swift */,
				439FF9DB2388B68F00C6C8FF /* InitNavigator.swift */,
				430E1122238BCFBB009AE191 /* InitViewController.swift */,
			);
			path = InitScene;
			sourceTree = "<group>";
		};
		436BF5A52452135000DA105D /* Test */ = {
			isa = PBXGroup;
			children = (
				436BF5AE2452139200DA105D /* InitScene */,
				436BF5A82452135000DA105D /* Info.plist */,
			);
			path = Test;
			sourceTree = "<group>";
		};
		436BF5AE2452139200DA105D /* InitScene */ = {
			isa = PBXGroup;
			children = (
				436BF5AF245213E100DA105D /* InitScenePresenterTest.swift */,
				43C2519224521A5C00CBF8E1 /* InitSceneStub.swift */,
			);
			path = InitScene;
			sourceTree = "<group>";
		};
		439FF9A3238897E900C6C8FF = {
			isa = PBXGroup;
			children = (
				439FF9AE238897EA00C6C8FF /* UnitTestViper */,
				436BF5A52452135000DA105D /* Test */,
				439FF9AD238897EA00C6C8FF /* Products */,
				7BA03893B951F5F807B3C108 /* Frameworks */,
			);
			sourceTree = "<group>";
		};
		439FF9AD238897EA00C6C8FF /* Products */ = {
			isa = PBXGroup;
			children = (
				439FF9AC238897EA00C6C8FF /* UnitTestViper.app */,
				436BF5A42452135000DA105D /* Test.xctest */,
			);
			name = Products;
			sourceTree = "<group>";
		};
		439FF9AE238897EA00C6C8FF /* UnitTestViper */ = {
			isa = PBXGroup;
			children = (
				439FF9D52388A87B00C6C8FF /* Provaider */,
				439FF9C8238899E600C6C8FF /* Mock */,
				439FF9C12388984900C6C8FF /* Domain */,
				439FF9AF238897EA00C6C8FF /* AppDelegate.swift */,
				439FF9B3238897EA00C6C8FF /* Main.storyboard */,
				439FF9D82388B61400C6C8FF /* scene */,
				439FF9B6238897EA00C6C8FF /* Assets.xcassets */,
				439FF9BB238897EB00C6C8FF /* Info.plist */,
			);
			path = UnitTestViper;
			sourceTree = "<group>";
		};
		439FF9C12388984900C6C8FF /* Domain */ = {
			isa = PBXGroup;
			children = (
				439FF9CF2388A0EE00C6C8FF /* interactor */,
				439FF9C32388987500C6C8FF /* Repository */,
				439FF9C22388986700C6C8FF /* DomainObjects */,
			);
			path = Domain;
			sourceTree = "<group>";
		};
		439FF9C22388986700C6C8FF /* DomainObjects */ = {
			isa = PBXGroup;
			children = (
				439FF9C42388992600C6C8FF /* AccountResponseDO.swift */,
				439FF9C6238899A800C6C8FF /* AccountDO.swift */,
			);
			path = DomainObjects;
			sourceTree = "<group>";
		};
		439FF9C32388987500C6C8FF /* Repository */ = {
			isa = PBXGroup;
			children = (
				439FF9CB23889A7E00C6C8FF /* AccountRepository.swift */,
				439FF9CD23889BEC00C6C8FF /* AccountRepositoryImplement.swift */,
			);
			path = Repository;
			sourceTree = "<group>";
		};
		439FF9C8238899E600C6C8FF /* Mock */ = {
			isa = PBXGroup;
			children = (
				439FF9C923889A2300C6C8FF /* Accounts.json */,
			);
			path = Mock;
			sourceTree = "<group>";
		};
		439FF9CF2388A0EE00C6C8FF /* interactor */ = {
			isa = PBXGroup;
			children = (
				439FF9D02388A15B00C6C8FF /* GetAccountUseCaseImplement.swift */,
				439FF9D22388A66400C6C8FF /* GetAccountUseCase.swift */,
			);
			path = interactor;
			sourceTree = "<group>";
		};
		439FF9D52388A87B00C6C8FF /* Provaider */ = {
			isa = PBXGroup;
			children = (
				439FF9D62388A92B00C6C8FF /* FeatureProvaider.swift */,
				430C404D238A996300B0DD47 /* UseCaseProvaider.swift */,
			);
			path = Provaider;
			sourceTree = "<group>";
		};
		439FF9D82388B61400C6C8FF /* scene */ = {
			isa = PBXGroup;
			children = (
				430C4051238A9B8600B0DD47 /* Model */,
				430FB4C52389F2CE00445572 /* BaseViewController.swift */,
				430FB4C42389F29300445572 /* InitScene */,
			);
			path = scene;
			sourceTree = "<group>";
		};
		7BA03893B951F5F807B3C108 /* Frameworks */ = {
			isa = PBXGroup;
			children = (
			);
			name = Frameworks;
			sourceTree = "<group>";
		};
/* End PBXGroup section */

/* Begin PBXNativeTarget section */
		436BF5A32452135000DA105D /* Test */ = {
			isa = PBXNativeTarget;
			buildConfigurationList = 436BF5AB2452135000DA105D /* Build configuration list for PBXNativeTarget "Test" */;
			buildPhases = (
				436BF5A02452135000DA105D /* Sources */,
				436BF5A12452135000DA105D /* Frameworks */,
				436BF5A22452135000DA105D /* Resources */,
			);
			buildRules = (
			);
			dependencies = (
				436BF5AA2452135000DA105D /* PBXTargetDependency */,
			);
			name = Test;
			productName = Test;
			productReference = 436BF5A42452135000DA105D /* Test.xctest */;
			productType = "com.apple.product-type.bundle.unit-test";
		};
		439FF9AB238897EA00C6C8FF /* UnitTestViper */ = {
			isa = PBXNativeTarget;
			buildConfigurationList = 439FF9BE238897EB00C6C8FF /* Build configuration list for PBXNativeTarget "UnitTestViper" */;
			buildPhases = (
				439FF9A8238897EA00C6C8FF /* Sources */,
				439FF9A9238897EA00C6C8FF /* Frameworks */,
				439FF9AA238897EA00C6C8FF /* Resources */,
			);
			buildRules = (
			);
			dependencies = (
			);
			name = UnitTestViper;
			productName = AppIosDGJ;
			productReference = 439FF9AC238897EA00C6C8FF /* UnitTestViper.app */;
			productType = "com.apple.product-type.application";
		};
/* End PBXNativeTarget section */

/* Begin PBXProject section */
		439FF9A4238897E900C6C8FF /* Project object */ = {
			isa = PBXProject;
			attributes = {
				LastSwiftUpdateCheck = 1130;
				LastUpgradeCheck = 1030;
				ORGANIZATIONNAME = "David GJ";
				TargetAttributes = {
					436BF5A32452135000DA105D = {
						CreatedOnToolsVersion = 11.3.1;
						TestTargetID = 439FF9AB238897EA00C6C8FF;
					};
					439FF9AB238897EA00C6C8FF = {
						CreatedOnToolsVersion = 10.3;
					};
				};
			};
			buildConfigurationList = 439FF9A7238897E900C6C8FF /* Build configuration list for PBXProject "UnitTestViper" */;
			compatibilityVersion = "Xcode 9.3";
			developmentRegion = en;
			hasScannedForEncodings = 0;
			knownRegions = (
				en,
				Base,
			);
			mainGroup = 439FF9A3238897E900C6C8FF;
			productRefGroup = 439FF9AD238897EA00C6C8FF /* Products */;
			projectDirPath = "";
			projectRoot = "";
			targets = (
				439FF9AB238897EA00C6C8FF /* UnitTestViper */,
				436BF5A32452135000DA105D /* Test */,
			);
		};
/* End PBXProject section */

/* Begin PBXResourcesBuildPhase section */
		436BF5A22452135000DA105D /* Resources */ = {
			isa = PBXResourcesBuildPhase;
			buildActionMask = 2147483647;
			files = (
			);
			runOnlyForDeploymentPostprocessing = 0;
		};
		439FF9AA238897EA00C6C8FF /* Resources */ = {
			isa = PBXResourcesBuildPhase;
			buildActionMask = 2147483647;
			files = (
				439FF9B7238897EA00C6C8FF /* Assets.xcassets in Resources */,
				439FF9B5238897EA00C6C8FF /* Main.storyboard in Resources */,
				439FF9CA23889A2300C6C8FF /* Accounts.json in Resources */,
			);
			runOnlyForDeploymentPostprocessing = 0;
		};
/* End PBXResourcesBuildPhase section */

/* Begin PBXSourcesBuildPhase section */
		436BF5A02452135000DA105D /* Sources */ = {
			isa = PBXSourcesBuildPhase;
			buildActionMask = 2147483647;
			files = (
				43C2519324521A5C00CBF8E1 /* InitSceneStub.swift in Sources */,
				436BF5B0245213E100DA105D /* InitScenePresenterTest.swift in Sources */,
			);
			runOnlyForDeploymentPostprocessing = 0;
		};
		439FF9A8238897EA00C6C8FF /* Sources */ = {
			isa = PBXSourcesBuildPhase;
			buildActionMask = 2147483647;
			files = (
				439FF9DA2388B67900C6C8FF /* InitPresenter.swift in Sources */,
				439FF9D12388A15B00C6C8FF /* GetAccountUseCaseImplement.swift in Sources */,
				439FF9B0238897EA00C6C8FF /* AppDelegate.swift in Sources */,
				430C404E238A996300B0DD47 /* UseCaseProvaider.swift in Sources */,
				439FF9CE23889BEC00C6C8FF /* AccountRepositoryImplement.swift in Sources */,
				430FB4C62389F2CE00445572 /* BaseViewController.swift in Sources */,
				439FF9DC2388B68F00C6C8FF /* InitNavigator.swift in Sources */,
				439FF9D72388A92B00C6C8FF /* FeatureProvaider.swift in Sources */,
				439FF9C7238899A800C6C8FF /* AccountDO.swift in Sources */,
				430E1123238BCFBB009AE191 /* InitViewController.swift in Sources */,
				439FF9C52388992600C6C8FF /* AccountResponseDO.swift in Sources */,
				439FF9D32388A66400C6C8FF /* GetAccountUseCase.swift in Sources */,
				439FF9CC23889A7E00C6C8FF /* AccountRepository.swift in Sources */,
				430C4050238A9B8000B0DD47 /* Account.swift in Sources */,
			);
			runOnlyForDeploymentPostprocessing = 0;
		};
/* End PBXSourcesBuildPhase section */

/* Begin PBXTargetDependency section */
		436BF5AA2452135000DA105D /* PBXTargetDependency */ = {
			isa = PBXTargetDependency;
			target = 439FF9AB238897EA00C6C8FF /* UnitTestViper */;
			targetProxy = 436BF5A92452135000DA105D /* PBXContainerItemProxy */;
		};
/* End PBXTargetDependency section */

/* Begin PBXVariantGroup section */
		439FF9B3238897EA00C6C8FF /* Main.storyboard */ = {
			isa = PBXVariantGroup;
			children = (
				439FF9B4238897EA00C6C8FF /* Base */,
			);
			name = Main.storyboard;
			sourceTree = "<group>";
		};
/* End PBXVariantGroup section */

/* Begin XCBuildConfiguration section */
		436BF5AC2452135000DA105D /* Debug */ = {
			isa = XCBuildConfiguration;
			buildSettings = {
				BUNDLE_LOADER = "$(TEST_HOST)";
				CODE_SIGN_STYLE = Automatic;
				INFOPLIST_FILE = Test/Info.plist;
				IPHONEOS_DEPLOYMENT_TARGET = 13.2;
				LD_RUNPATH_SEARCH_PATHS = (
					"$(inherited)",
					"@executable_path/Frameworks",
					"@loader_path/Frameworks",
				);
				PRODUCT_BUNDLE_IDENTIFIER = "David-GJ.Test";
				PRODUCT_NAME = "$(TARGET_NAME)";
				SWIFT_VERSION = 5.0;
				TARGETED_DEVICE_FAMILY = "1,2";
				TEST_HOST = "$(BUILT_PRODUCTS_DIR)/UnitTestViper.app/UnitTestViper";
			};
			name = Debug;
		};
		436BF5AD2452135000DA105D /* Release */ = {
			isa = XCBuildConfiguration;
			buildSettings = {
				BUNDLE_LOADER = "$(TEST_HOST)";
				CODE_SIGN_STYLE = Automatic;
				INFOPLIST_FILE = Test/Info.plist;
				IPHONEOS_DEPLOYMENT_TARGET = 13.2;
				LD_RUNPATH_SEARCH_PATHS = (
					"$(inherited)",
					"@executable_path/Frameworks",
					"@loader_path/Frameworks",
				);
				PRODUCT_BUNDLE_IDENTIFIER = "David-GJ.Test";
				PRODUCT_NAME = "$(TARGET_NAME)";
				SWIFT_VERSION = 5.0;
				TARGETED_DEVICE_FAMILY = "1,2";
				TEST_HOST = "$(BUILT_PRODUCTS_DIR)/UnitTestViper.app/UnitTestViper";
			};
			name = Release;
		};
		439FF9BC238897EB00C6C8FF /* Debug */ = {
			isa = XCBuildConfiguration;
			buildSettings = {
				ALWAYS_SEARCH_USER_PATHS = NO;
				CLANG_ANALYZER_NONNULL = YES;
				CLANG_ANALYZER_NUMBER_OBJECT_CONVERSION = YES_AGGRESSIVE;
				CLANG_CXX_LANGUAGE_STANDARD = "gnu++14";
				CLANG_CXX_LIBRARY = "libc++";
				CLANG_ENABLE_MODULES = YES;
				CLANG_ENABLE_OBJC_ARC = YES;
				CLANG_ENABLE_OBJC_WEAK = YES;
				CLANG_WARN_BLOCK_CAPTURE_AUTORELEASING = YES;
				CLANG_WARN_BOOL_CONVERSION = YES;
				CLANG_WARN_COMMA = YES;
				CLANG_WARN_CONSTANT_CONVERSION = YES;
				CLANG_WARN_DEPRECATED_OBJC_IMPLEMENTATIONS = YES;
				CLANG_WARN_DIRECT_OBJC_ISA_USAGE = YES_ERROR;
				CLANG_WARN_DOCUMENTATION_COMMENTS = YES;
				CLANG_WARN_EMPTY_BODY = YES;
				CLANG_WARN_ENUM_CONVERSION = YES;
				CLANG_WARN_INFINITE_RECURSION = YES;
				CLANG_WARN_INT_CONVERSION = YES;
				CLANG_WARN_NON_LITERAL_NULL_CONVERSION = YES;
				CLANG_WARN_OBJC_IMPLICIT_RETAIN_SELF = YES;
				CLANG_WARN_OBJC_LITERAL_CONVERSION = YES;
				CLANG_WARN_OBJC_ROOT_CLASS = YES_ERROR;
				CLANG_WARN_RANGE_LOOP_ANALYSIS = YES;
				CLANG_WARN_STRICT_PROTOTYPES = YES;
				CLANG_WARN_SUSPICIOUS_MOVE = YES;
				CLANG_WARN_UNGUARDED_AVAILABILITY = YES_AGGRESSIVE;
				CLANG_WARN_UNREACHABLE_CODE = YES;
				CLANG_WARN__DUPLICATE_METHOD_MATCH = YES;
				CODE_SIGN_IDENTITY = "iPhone Developer";
				COPY_PHASE_STRIP = NO;
				DEBUG_INFORMATION_FORMAT = dwarf;
				ENABLE_STRICT_OBJC_MSGSEND = YES;
				ENABLE_TESTABILITY = YES;
				GCC_C_LANGUAGE_STANDARD = gnu11;
				GCC_DYNAMIC_NO_PIC = NO;
				GCC_NO_COMMON_BLOCKS = YES;
				GCC_OPTIMIZATION_LEVEL = 0;
				GCC_PREPROCESSOR_DEFINITIONS = (
					"DEBUG=1",
					"$(inherited)",
				);
				GCC_WARN_64_TO_32_BIT_CONVERSION = YES;
				GCC_WARN_ABOUT_RETURN_TYPE = YES_ERROR;
				GCC_WARN_UNDECLARED_SELECTOR = YES;
				GCC_WARN_UNINITIALIZED_AUTOS = YES_AGGRESSIVE;
				GCC_WARN_UNUSED_FUNCTION = YES;
				GCC_WARN_UNUSED_VARIABLE = YES;
				IPHONEOS_DEPLOYMENT_TARGET = 12.4;
				MTL_ENABLE_DEBUG_INFO = INCLUDE_SOURCE;
				MTL_FAST_MATH = YES;
				ONLY_ACTIVE_ARCH = YES;
				SDKROOT = iphoneos;
				SWIFT_ACTIVE_COMPILATION_CONDITIONS = DEBUG;
				SWIFT_OPTIMIZATION_LEVEL = "-Onone";
			};
			name = Debug;
		};
		439FF9BD238897EB00C6C8FF /* Release */ = {
			isa = XCBuildConfiguration;
			buildSettings = {
				ALWAYS_SEARCH_USER_PATHS = NO;
				CLANG_ANALYZER_NONNULL = YES;
				CLANG_ANALYZER_NUMBER_OBJECT_CONVERSION = YES_AGGRESSIVE;
				CLANG_CXX_LANGUAGE_STANDARD = "gnu++14";
				CLANG_CXX_LIBRARY = "libc++";
				CLANG_ENABLE_MODULES = YES;
				CLANG_ENABLE_OBJC_ARC = YES;
				CLANG_ENABLE_OBJC_WEAK = YES;
				CLANG_WARN_BLOCK_CAPTURE_AUTORELEASING = YES;
				CLANG_WARN_BOOL_CONVERSION = YES;
				CLANG_WARN_COMMA = YES;
				CLANG_WARN_CONSTANT_CONVERSION = YES;
				CLANG_WARN_DEPRECATED_OBJC_IMPLEMENTATIONS = YES;
				CLANG_WARN_DIRECT_OBJC_ISA_USAGE = YES_ERROR;
				CLANG_WARN_DOCUMENTATION_COMMENTS = YES;
				CLANG_WARN_EMPTY_BODY = YES;
				CLANG_WARN_ENUM_CONVERSION = YES;
				CLANG_WARN_INFINITE_RECURSION = YES;
				CLANG_WARN_INT_CONVERSION = YES;
				CLANG_WARN_NON_LITERAL_NULL_CONVERSION = YES;
				CLANG_WARN_OBJC_IMPLICIT_RETAIN_SELF = YES;
				CLANG_WARN_OBJC_LITERAL_CONVERSION = YES;
				CLANG_WARN_OBJC_ROOT_CLASS = YES_ERROR;
				CLANG_WARN_RANGE_LOOP_ANALYSIS = YES;
				CLANG_WARN_STRICT_PROTOTYPES = YES;
				CLANG_WARN_SUSPICIOUS_MOVE = YES;
				CLANG_WARN_UNGUARDED_AVAILABILITY = YES_AGGRESSIVE;
				CLANG_WARN_UNREACHABLE_CODE = YES;
				CLANG_WARN__DUPLICATE_METHOD_MATCH = YES;
				CODE_SIGN_IDENTITY = "iPhone Developer";
				COPY_PHASE_STRIP = NO;
				DEBUG_INFORMATION_FORMAT = "dwarf-with-dsym";
				ENABLE_NS_ASSERTIONS = NO;
				ENABLE_STRICT_OBJC_MSGSEND = YES;
				ENABLE_TESTABILITY = YES;
				GCC_C_LANGUAGE_STANDARD = gnu11;
				GCC_NO_COMMON_BLOCKS = YES;
				GCC_WARN_64_TO_32_BIT_CONVERSION = YES;
				GCC_WARN_ABOUT_RETURN_TYPE = YES_ERROR;
				GCC_WARN_UNDECLARED_SELECTOR = YES;
				GCC_WARN_UNINITIALIZED_AUTOS = YES_AGGRESSIVE;
				GCC_WARN_UNUSED_FUNCTION = YES;
				GCC_WARN_UNUSED_VARIABLE = YES;
				IPHONEOS_DEPLOYMENT_TARGET = 12.4;
				MTL_ENABLE_DEBUG_INFO = NO;
				MTL_FAST_MATH = YES;
				SDKROOT = iphoneos;
				SWIFT_COMPILATION_MODE = wholemodule;
				SWIFT_OPTIMIZATION_LEVEL = "-O";
				VALIDATE_PRODUCT = YES;
			};
			name = Release;
		};
		439FF9BF238897EB00C6C8FF /* Debug */ = {
			isa = XCBuildConfiguration;
			buildSettings = {
				ASSETCATALOG_COMPILER_APPICON_NAME = AppIcon;
				CODE_SIGN_STYLE = Automatic;
				INFOPLIST_FILE = UnitTestViper/Info.plist;
				LD_RUNPATH_SEARCH_PATHS = (
					"$(inherited)",
					"@executable_path/Frameworks",
				);
				PRODUCT_BUNDLE_IDENTIFIER = "David-GJ.UnitTestViper";
				PRODUCT_NAME = "$(TARGET_NAME)";
				SWIFT_VERSION = 5.0;
				TARGETED_DEVICE_FAMILY = "1,2";
			};
			name = Debug;
		};
		439FF9C0238897EB00C6C8FF /* Release */ = {
			isa = XCBuildConfiguration;
			buildSettings = {
				ASSETCATALOG_COMPILER_APPICON_NAME = AppIcon;
				CODE_SIGN_STYLE = Automatic;
				INFOPLIST_FILE = UnitTestViper/Info.plist;
				LD_RUNPATH_SEARCH_PATHS = (
					"$(inherited)",
					"@executable_path/Frameworks",
				);
				PRODUCT_BUNDLE_IDENTIFIER = "David-GJ.UnitTestViper";
				PRODUCT_NAME = "$(TARGET_NAME)";
				SWIFT_VERSION = 5.0;
				TARGETED_DEVICE_FAMILY = "1,2";
			};
			name = Release;
		};
/* End XCBuildConfiguration section */

/* Begin XCConfigurationList section */
		436BF5AB2452135000DA105D /* Build configuration list for PBXNativeTarget "Test" */ = {
			isa = XCConfigurationList;
			buildConfigurations = (
				436BF5AC2452135000DA105D /* Debug */,
				436BF5AD2452135000DA105D /* Release */,
			);
			defaultConfigurationIsVisible = 0;
			defaultConfigurationName = Release;
		};
		439FF9A7238897E900C6C8FF /* Build configuration list for PBXProject "UnitTestViper" */ = {
			isa = XCConfigurationList;
			buildConfigurations = (
				439FF9BC238897EB00C6C8FF /* Debug */,
				439FF9BD238897EB00C6C8FF /* Release */,
			);
			defaultConfigurationIsVisible = 0;
			defaultConfigurationName = Release;
		};
		439FF9BE238897EB00C6C8FF /* Build configuration list for PBXNativeTarget "UnitTestViper" */ = {
			isa = XCConfigurationList;
			buildConfigurations = (
				439FF9BF238897EB00C6C8FF /* Debug */,
				439FF9C0238897EB00C6C8FF /* Release */,
			);
			defaultConfigurationIsVisible = 0;
			defaultConfigurationName = Release;
		};
/* End XCConfigurationList section */
	};
	rootObject = 439FF9A4238897E900C6C8FF /* Project object */;
}
